{
    "_meta": {
        "hash": {
            "sha256": "e5b87c9507169baef12136c86367849cbd21b16d4caa0af6ccc9e03efb02e0e4"
        },
        "pipfile-spec": 6,
        "requires": {
            "python_version": "3.8"
        },
        "sources": [
            {
                "name": "pypi",
                "url": "https://pypi.org/simple",
                "verify_ssl": true
            }
        ]
    },
    "default": {
        "aiokafka": {
            "hashes": [
                "sha256:16731e8aa0fc70dc35c31041599c9a5237dd5d2c1a4d04af58f30a942191a281",
                "sha256:1a9b6ecb606062b3595bc5104b85b42b62621a86d179b75d708279041152f461",
                "sha256:34eda0b6eb794c36f4100be772f3b120a3c00daaf342f593f32994a762aed7e8",
                "sha256:383cc7d45b47676fea60dbedee747c5c08dde5c10b1be0afc6598fb21a7891b4",
                "sha256:3b1f1e9ad66883ed809d737d57edfb13f1aeb9b08c6fd6b71afefce712c13dad",
                "sha256:5371bd663f545ced555775e7e49f39a54b243435098a9699582bb3b32884e332",
                "sha256:594d2a29875f78d56251141ff95a982c5be64844dc9ae619c285f36c57a08c6e",
                "sha256:6116b68ca975caafd7efd338ffdaec63789e1c334af6174e20edc1d16d14e463",
                "sha256:7d56627c3250ba2359dfa90f2c8a3ab995795e0116038905b2f8a608cd1fd606",
                "sha256:7fe02a3868236d84356d5fa7c7625ed3a27e52699477c5ee8bd5dc9b5adb592f",
                "sha256:a3bfe4ad7d3829a98c8391a9a28f179b47df4f66e26ea5b1c665f872b6e21809",
                "sha256:a8fc41d18731d8879483aecb93ae7ebf5457f63daf4c8923ddc046792c2c3096",
                "sha256:b1958277eaa702509591c0674790a8c9aced8fef7723dafae0f9aec6d2da71a5",
                "sha256:b19f077e12fe23e359f7a7dca9baf8532c63f4c8149703ce4c56de372d17e26c",
                "sha256:be43d7ddd700d501a6f4c59c859baa9888c2d086b69882f542951bae41234f6a",
                "sha256:c96824cef1a480fd2ab4bbd9e9aa737c9191211bab5f7787ef401926d5fda95d",
                "sha256:cda55f5cfb19ea7d2f55a51d320a57312f152dab3e333fa1fbfcdde7a9e25a53",
                "sha256:ce23baeaacf501f619967067d2c0d4c2b2b761012f9f9c8a49593e96c7550aff",
                "sha256:d801bb2f5a4ae726a433ae74a5d34e7e0d44128de53c9c7eea5cb4cdaaf80175",
                "sha256:e6e78206e5d031e6644d3a46153a146d2d2afff4cf9da9a81edb9f8714114b62",
                "sha256:ebbb258840f134bad0e6ca8681a87cd292a1f4ed7253a821c16b4e9f2610a04a"
            ],
            "index": "pypi",
            "version": "==0.7.2"
        },
        "kafka-python": {
            "hashes": [
                "sha256:04dfe7fea2b63726cd6f3e79a2d86e709d608d74406638c5da33a01d45a9d7e3",
                "sha256:2d92418c7cb1c298fa6c7f0fb3519b520d0d7526ac6cb7ae2a4fc65a51a94b6e"
            ],
            "version": "==2.0.2"
        }
    },
    "develop": {}
}
